{
    "_readme": [
        "This file locks the dependencies of your project to a known state",
        "Read more about it at https://getcomposer.org/doc/01-basic-usage.md#installing-dependencies",
        "This file is @generated automatically"
    ],
    "content-hash": "474a36b5dd490336eff5395d60c56ef9",
    "packages": [
        {
            "name": "1g0rbm/handybag",
            "version": "dev-master",
            "source": {
                "type": "git",
                "url": "https://github.com/1g0rbm/handybag.git",
                "reference": "4868349701a45c80fdbf1c1590c88d8f61304f19"
            },
            "dist": {
                "type": "zip",
                "url": "https://api.github.com/repos/1g0rbm/handybag/zipball/4868349701a45c80fdbf1c1590c88d8f61304f19",
                "reference": "4868349701a45c80fdbf1c1590c88d8f61304f19",
                "shasum": ""
            },
            "require": {
                "php": ">=7.1"
            },
            "require-dev": {
                "phpunit/phpunit": "6.*.*"
            },
            "type": "library",
            "autoload": {
                "psr-4": {
                    "Ig0rbm\\HandyBag\\": "src/"
                }
            },
            "notification-url": "https://packagist.org/downloads/",
            "license": [
                "MIT"
            ],
            "authors": [
                {
                    "name": "1g0rbm",
                    "email": "m1g0rb89@gmail.com"
                }
            ],
            "description": "Handy container for key/value pair",
            "time": "2019-06-12T11:59:25+00:00"
        },
        {
            "name": "1g0rbm/handybox",
            "version": "dev-master",
            "source": {
                "type": "git",
                "url": "https://github.com/1g0rbm/handybox.git",
                "reference": "c6b7395f341e02b7d11530d8b40067d14846d3af"
            },
            "dist": {
                "type": "zip",
                "url": "https://api.github.com/repos/1g0rbm/handybox/zipball/c6b7395f341e02b7d11530d8b40067d14846d3af",
                "reference": "c6b7395f341e02b7d11530d8b40067d14846d3af",
                "shasum": ""
            },
            "require": {
                "1g0rbm/handybag": "dev-master"
            },
            "require-dev": {
                "phpunit/phpunit": "6.*.*"
            },
            "type": "library",
            "autoload": {
                "psr-4": {
                    "Ig0rbm\\HandyBox\\": "src/"
                }
            },
            "notification-url": "https://packagist.org/downloads/",
            "license": [
                "MIT"
            ],
            "authors": [
                {
                    "name": "1g0rbm",
                    "email": "m1g0rb89@gmail.com"
                }
            ],
            "description": "Small Dependency Injection Container.",
            "time": "2018-01-21T10:01:40+00:00"
        },
        {
            "name": "symfony/dotenv",
            "version": "dev-master",
            "source": {
                "type": "git",
                "url": "https://github.com/symfony/dotenv.git",
                "reference": "04a9bd911b615c3bd80cf3a24cc5318c91cf3406"
            },
            "dist": {
                "type": "zip",
                "url": "https://api.github.com/repos/symfony/dotenv/zipball/04a9bd911b615c3bd80cf3a24cc5318c91cf3406",
                "reference": "04a9bd911b615c3bd80cf3a24cc5318c91cf3406",
                "shasum": ""
            },
            "require": {
                "php": "^7.2.9"
            },
            "require-dev": {
                "symfony/process": "^4.4|^5.0"
            },
            "type": "library",
            "extra": {
                "branch-alias": {
                    "dev-master": "5.0-dev"
                }
            },
            "autoload": {
                "psr-4": {
                    "Symfony\\Component\\Dotenv\\": ""
                },
                "exclude-from-classmap": [
                    "/Tests/"
                ]
            },
            "notification-url": "https://packagist.org/downloads/",
            "license": [
                "MIT"
            ],
            "authors": [
                {
                    "name": "Fabien Potencier",
                    "email": "fabien@symfony.com"
                },
                {
                    "name": "Symfony Community",
                    "homepage": "https://symfony.com/contributors"
                }
            ],
            "description": "Registers environment variables from a .env file",
            "homepage": "https://symfony.com",
            "keywords": [
                "dotenv",
                "env",
                "environment"
            ],
            "time": "2019-06-26T09:36:22+00:00"
        }
    ],
    "packages-dev": [],
    "aliases": [],
    "minimum-stability": "dev",
    "stability-flags": {
        "symfony/dotenv": 20,
        "1g0rbm/handybox": 20
    },
    "prefer-stable": false,
    "prefer-lowest": false,
    "platform": [],
    "platform-dev": []
}
